// !$*UTF8*$!
{
	archiveVersion = 1;
	classes = {
	};
	objectVersion = 50;
	objects = {

/* Begin PBXBuildFile section */
		79160D6D25E44424006372C9 /* AppDelegate.swift in Sources */ = {isa = PBXBuildFile; fileRef = 79160D6C25E44424006372C9 /* AppDelegate.swift */; };
		79160D6F25E44424006372C9 /* SceneDelegate.swift in Sources */ = {isa = PBXBuildFile; fileRef = 79160D6E25E44424006372C9 /* SceneDelegate.swift */; };
		79160D7425E44424006372C9 /* Main.storyboard in Resources */ = {isa = PBXBuildFile; fileRef = 79160D7225E44424006372C9 /* Main.storyboard */; };
		79160D7625E44426006372C9 /* Assets.xcassets in Resources */ = {isa = PBXBuildFile; fileRef = 79160D7525E44426006372C9 /* Assets.xcassets */; };
		79160D7925E44426006372C9 /* LaunchScreen.storyboard in Resources */ = {isa = PBXBuildFile; fileRef = 79160D7725E44426006372C9 /* LaunchScreen.storyboard */; };
		79160D8625E4446E006372C9 /* Player.swift in Sources */ = {isa = PBXBuildFile; fileRef = 79160D8525E4446E006372C9 /* Player.swift */; };
		79160D8D25E4449A006372C9 /* CloudKit.framework in Frameworks */ = {isa = PBXBuildFile; fileRef = 79160D8C25E4449A006372C9 /* CloudKit.framework */; };
		79160D9025E446DD006372C9 /* Game.swift in Sources */ = {isa = PBXBuildFile; fileRef = 79160D8F25E446DD006372C9 /* Game.swift */; };
		79160DA425E49641006372C9 /* SignUpViewController.swift in Sources */ = {isa = PBXBuildFile; fileRef = 79160DA325E49641006372C9 /* SignUpViewController.swift */; };
		795B2CA125E5B6D300E75FD4 /* PlayerController.swift in Sources */ = {isa = PBXBuildFile; fileRef = 795B2CA025E5B6D300E75FD4 /* PlayerController.swift */; };
		795B2CA525E5B77D00E75FD4 /* CloudKitError.swift in Sources */ = {isa = PBXBuildFile; fileRef = 795B2CA425E5B77D00E75FD4 /* CloudKitError.swift */; };
		795B2CA825E5B7E800E75FD4 /* PlayerError.swift in Sources */ = {isa = PBXBuildFile; fileRef = 795B2CA725E5B7E800E75FD4 /* PlayerError.swift */; };
		7992D15525ED58B000B40F20 /* GamesListViewController.swift in Sources */ = {isa = PBXBuildFile; fileRef = 7992D15425ED58B000B40F20 /* GamesListViewController.swift */; };
		7992D15A25EDA1F600B40F20 /* GameTableViewCell.swift in Sources */ = {isa = PBXBuildFile; fileRef = 7992D15925EDA1F600B40F20 /* GameTableViewCell.swift */; };
		79AD23AA25E70A65003FDCD6 /* SkateGame.storyboard in Resources */ = {isa = PBXBuildFile; fileRef = 79AD23A925E70A65003FDCD6 /* SkateGame.storyboard */; };
		79AD23AD25E70D5B003FDCD6 /* GameViewController.swift in Sources */ = {isa = PBXBuildFile; fileRef = 79AD23AC25E70D5B003FDCD6 /* GameViewController.swift */; };
		79AD23B025E721B3003FDCD6 /* GameController.swift in Sources */ = {isa = PBXBuildFile; fileRef = 79AD23AF25E721B3003FDCD6 /* GameController.swift */; };
/* End PBXBuildFile section */

/* Begin PBXFileReference section */
		79160D6925E44424006372C9 /* SK8NAYSH.app */ = {isa = PBXFileReference; explicitFileType = wrapper.application; includeInIndex = 0; path = SK8NAYSH.app; sourceTree = BUILT_PRODUCTS_DIR; };
		79160D6C25E44424006372C9 /* AppDelegate.swift */ = {isa = PBXFileReference; lastKnownFileType = sourcecode.swift; path = AppDelegate.swift; sourceTree = "<group>"; };
		79160D6E25E44424006372C9 /* SceneDelegate.swift */ = {isa = PBXFileReference; lastKnownFileType = sourcecode.swift; path = SceneDelegate.swift; sourceTree = "<group>"; };
		79160D7325E44424006372C9 /* Base */ = {isa = PBXFileReference; lastKnownFileType = file.storyboard; name = Base; path = Base.lproj/Main.storyboard; sourceTree = "<group>"; };
		79160D7525E44426006372C9 /* Assets.xcassets */ = {isa = PBXFileReference; lastKnownFileType = folder.assetcatalog; path = Assets.xcassets; sourceTree = "<group>"; };
		79160D7825E44426006372C9 /* Base */ = {isa = PBXFileReference; lastKnownFileType = file.storyboard; name = Base; path = Base.lproj/LaunchScreen.storyboard; sourceTree = "<group>"; };
		79160D7A25E44426006372C9 /* Info.plist */ = {isa = PBXFileReference; lastKnownFileType = text.plist.xml; path = Info.plist; sourceTree = "<group>"; };
		79160D8525E4446E006372C9 /* Player.swift */ = {isa = PBXFileReference; lastKnownFileType = sourcecode.swift; path = Player.swift; sourceTree = "<group>"; };
		79160D8925E44495006372C9 /* SK8NAYSH.entitlements */ = {isa = PBXFileReference; lastKnownFileType = text.plist.entitlements; path = SK8NAYSH.entitlements; sourceTree = "<group>"; };
		79160D8C25E4449A006372C9 /* CloudKit.framework */ = {isa = PBXFileReference; lastKnownFileType = wrapper.framework; name = CloudKit.framework; path = System/Library/Frameworks/CloudKit.framework; sourceTree = SDKROOT; };
		79160D8F25E446DD006372C9 /* Game.swift */ = {isa = PBXFileReference; lastKnownFileType = sourcecode.swift; path = Game.swift; sourceTree = "<group>"; };
		79160DA325E49641006372C9 /* SignUpViewController.swift */ = {isa = PBXFileReference; lastKnownFileType = sourcecode.swift; path = SignUpViewController.swift; sourceTree = "<group>"; };
		795B2CA025E5B6D300E75FD4 /* PlayerController.swift */ = {isa = PBXFileReference; lastKnownFileType = sourcecode.swift; path = PlayerController.swift; sourceTree = "<group>"; };
		795B2CA425E5B77D00E75FD4 /* CloudKitError.swift */ = {isa = PBXFileReference; lastKnownFileType = sourcecode.swift; path = CloudKitError.swift; sourceTree = "<group>"; };
		795B2CA725E5B7E800E75FD4 /* PlayerError.swift */ = {isa = PBXFileReference; lastKnownFileType = sourcecode.swift; path = PlayerError.swift; sourceTree = "<group>"; };
		7992D15425ED58B000B40F20 /* GamesListViewController.swift */ = {isa = PBXFileReference; lastKnownFileType = sourcecode.swift; path = GamesListViewController.swift; sourceTree = "<group>"; };
		7992D15925EDA1F600B40F20 /* GameTableViewCell.swift */ = {isa = PBXFileReference; lastKnownFileType = sourcecode.swift; path = GameTableViewCell.swift; sourceTree = "<group>"; };
		79AD23A925E70A65003FDCD6 /* SkateGame.storyboard */ = {isa = PBXFileReference; lastKnownFileType = file.storyboard; path = SkateGame.storyboard; sourceTree = "<group>"; };
		79AD23AC25E70D5B003FDCD6 /* GameViewController.swift */ = {isa = PBXFileReference; lastKnownFileType = sourcecode.swift; path = GameViewController.swift; sourceTree = "<group>"; };
		79AD23AF25E721B3003FDCD6 /* GameController.swift */ = {isa = PBXFileReference; lastKnownFileType = sourcecode.swift; path = GameController.swift; sourceTree = "<group>"; };
/* End PBXFileReference section */

/* Begin PBXFrameworksBuildPhase section */
		79160D6625E44424006372C9 /* Frameworks */ = {
			isa = PBXFrameworksBuildPhase;
			buildActionMask = 2147483647;
			files = (
				79160D8D25E4449A006372C9 /* CloudKit.framework in Frameworks */,
			);
			runOnlyForDeploymentPostprocessing = 0;
		};
/* End PBXFrameworksBuildPhase section */

/* Begin PBXGroup section */
		79160D6025E44424006372C9 = {
			isa = PBXGroup;
			children = (
				79160D6B25E44424006372C9 /* SK8NAYSH */,
				79160D6A25E44424006372C9 /* Products */,
				79160D8B25E4449A006372C9 /* Frameworks */,
			);
			sourceTree = "<group>";
		};
		79160D6A25E44424006372C9 /* Products */ = {
			isa = PBXGroup;
			children = (
				79160D6925E44424006372C9 /* SK8NAYSH.app */,
			);
			name = Products;
			sourceTree = "<group>";
		};
		79160D6B25E44424006372C9 /* SK8NAYSH */ = {
			isa = PBXGroup;
			children = (
				79160D8425E44467006372C9 /* Models */,
				79160D9B25E495D9006372C9 /* Controllers */,
				795B2CA325E5B76F00E75FD4 /* Helpers & Extensions */,
				79160D9925E49507006372C9 /* Views */,
				79160D8925E44495006372C9 /* SK8NAYSH.entitlements */,
				79160D8125E44439006372C9 /* Resources */,
			);
			path = SK8NAYSH;
			sourceTree = "<group>";
		};
		79160D8125E44439006372C9 /* Resources */ = {
			isa = PBXGroup;
			children = (
				79160D6C25E44424006372C9 /* AppDelegate.swift */,
				79160D6E25E44424006372C9 /* SceneDelegate.swift */,
				79160D7525E44426006372C9 /* Assets.xcassets */,
				79160D7725E44426006372C9 /* LaunchScreen.storyboard */,
				79160D7A25E44426006372C9 /* Info.plist */,
			);
			path = Resources;
			sourceTree = "<group>";
		};
		79160D8425E44467006372C9 /* Models */ = {
			isa = PBXGroup;
			children = (
				79160D8525E4446E006372C9 /* Player.swift */,
				79160D8F25E446DD006372C9 /* Game.swift */,
			);
			path = Models;
			sourceTree = "<group>";
		};
		79160D8B25E4449A006372C9 /* Frameworks */ = {
			isa = PBXGroup;
			children = (
				79160D8C25E4449A006372C9 /* CloudKit.framework */,
			);
			name = Frameworks;
			sourceTree = "<group>";
		};
		79160D9925E49507006372C9 /* Views */ = {
			isa = PBXGroup;
			children = (
				7992D15825EDA1DF00B40F20 /* Custom Cell */,
				79160D7225E44424006372C9 /* Main.storyboard */,
				79AD23A925E70A65003FDCD6 /* SkateGame.storyboard */,
			);
			path = Views;
			sourceTree = "<group>";
		};
		79160D9B25E495D9006372C9 /* Controllers */ = {
			isa = PBXGroup;
			children = (
				795B2C9F25E5B6C400E75FD4 /* Model Controllers */,
				79160D9C25E495E7006372C9 /* View Controllers */,
			);
			path = Controllers;
			sourceTree = "<group>";
		};
		79160D9C25E495E7006372C9 /* View Controllers */ = {
			isa = PBXGroup;
			children = (
				79160DA325E49641006372C9 /* SignUpViewController.swift */,
				79AD23AC25E70D5B003FDCD6 /* GameViewController.swift */,
				7992D15425ED58B000B40F20 /* GamesListViewController.swift */,
			);
			path = "View Controllers";
			sourceTree = "<group>";
		};
		795B2C9F25E5B6C400E75FD4 /* Model Controllers */ = {
			isa = PBXGroup;
			children = (
				795B2CA025E5B6D300E75FD4 /* PlayerController.swift */,
				79AD23AF25E721B3003FDCD6 /* GameController.swift */,
			);
			path = "Model Controllers";
			sourceTree = "<group>";
		};
		795B2CA325E5B76F00E75FD4 /* Helpers & Extensions */ = {
			isa = PBXGroup;
			children = (
				795B2CA425E5B77D00E75FD4 /* CloudKitError.swift */,
				795B2CA725E5B7E800E75FD4 /* PlayerError.swift */,
			);
			path = "Helpers & Extensions";
			sourceTree = "<group>";
		};
		7992D15825EDA1DF00B40F20 /* Custom Cell */ = {
			isa = PBXGroup;
			children = (
				7992D15925EDA1F600B40F20 /* GameTableViewCell.swift */,
			);
			path = "Custom Cell";
			sourceTree = "<group>";
		};
/* End PBXGroup section */

/* Begin PBXNativeTarget section */
		79160D6825E44424006372C9 /* SK8NAYSH */ = {
			isa = PBXNativeTarget;
			buildConfigurationList = 79160D7D25E44426006372C9 /* Build configuration list for PBXNativeTarget "SK8NAYSH" */;
			buildPhases = (
				79160D6525E44424006372C9 /* Sources */,
				79160D6625E44424006372C9 /* Frameworks */,
				79160D6725E44424006372C9 /* Resources */,
			);
			buildRules = (
			);
			dependencies = (
			);
			name = SK8NAYSH;
			productName = SK8NAYSH;
			productReference = 79160D6925E44424006372C9 /* SK8NAYSH.app */;
			productType = "com.apple.product-type.application";
		};
/* End PBXNativeTarget section */

/* Begin PBXProject section */
		79160D6125E44424006372C9 /* Project object */ = {
			isa = PBXProject;
			attributes = {
				LastSwiftUpdateCheck = 1240;
				LastUpgradeCheck = 1240;
				TargetAttributes = {
					79160D6825E44424006372C9 = {
						CreatedOnToolsVersion = 12.4;
					};
				};
			};
			buildConfigurationList = 79160D6425E44424006372C9 /* Build configuration list for PBXProject "SK8NAYSH" */;
			compatibilityVersion = "Xcode 9.3";
			developmentRegion = en;
			hasScannedForEncodings = 0;
			knownRegions = (
				en,
				Base,
			);
			mainGroup = 79160D6025E44424006372C9;
			productRefGroup = 79160D6A25E44424006372C9 /* Products */;
			projectDirPath = "";
			projectRoot = "";
			targets = (
				79160D6825E44424006372C9 /* SK8NAYSH */,
			);
		};
/* End PBXProject section */

/* Begin PBXResourcesBuildPhase section */
		79160D6725E44424006372C9 /* Resources */ = {
			isa = PBXResourcesBuildPhase;
			buildActionMask = 2147483647;
			files = (
				79160D7925E44426006372C9 /* LaunchScreen.storyboard in Resources */,
				79AD23AA25E70A65003FDCD6 /* SkateGame.storyboard in Resources */,
				79160D7625E44426006372C9 /* Assets.xcassets in Resources */,
				79160D7425E44424006372C9 /* Main.storyboard in Resources */,
			);
			runOnlyForDeploymentPostprocessing = 0;
		};
/* End PBXResourcesBuildPhase section */

/* Begin PBXSourcesBuildPhase section */
		79160D6525E44424006372C9 /* Sources */ = {
			isa = PBXSourcesBuildPhase;
			buildActionMask = 2147483647;
			files = (
				79160D6D25E44424006372C9 /* AppDelegate.swift in Sources */,
				79AD23B025E721B3003FDCD6 /* GameController.swift in Sources */,
				795B2CA525E5B77D00E75FD4 /* CloudKitError.swift in Sources */,
				79160D8625E4446E006372C9 /* Player.swift in Sources */,
				795B2CA825E5B7E800E75FD4 /* PlayerError.swift in Sources */,
				79AD23AD25E70D5B003FDCD6 /* GameViewController.swift in Sources */,
				7992D15525ED58B000B40F20 /* GamesListViewController.swift in Sources */,
				795B2CA125E5B6D300E75FD4 /* PlayerController.swift in Sources */,
				79160D6F25E44424006372C9 /* SceneDelegate.swift in Sources */,
				79160D9025E446DD006372C9 /* Game.swift in Sources */,
				79160DA425E49641006372C9 /* SignUpViewController.swift in Sources */,
				7992D15A25EDA1F600B40F20 /* GameTableViewCell.swift in Sources */,
			);
			runOnlyForDeploymentPostprocessing = 0;
		};
/* End PBXSourcesBuildPhase section */

/* Begin PBXVariantGroup section */
		79160D7225E44424006372C9 /* Main.storyboard */ = {
			isa = PBXVariantGroup;
			children = (
				79160D7325E44424006372C9 /* Base */,
			);
			name = Main.storyboard;
			sourceTree = "<group>";
		};
		79160D7725E44426006372C9 /* LaunchScreen.storyboard */ = {
			isa = PBXVariantGroup;
			children = (
				79160D7825E44426006372C9 /* Base */,
			);
			name = LaunchScreen.storyboard;
			sourceTree = "<group>";
		};
/* End PBXVariantGroup section */

/* Begin XCBuildConfiguration section */
		79160D7B25E44426006372C9 /* Debug */ = {
			isa = XCBuildConfiguration;
			buildSettings = {
				ALWAYS_SEARCH_USER_PATHS = NO;
				CLANG_ANALYZER_NONNULL = YES;
				CLANG_ANALYZER_NUMBER_OBJECT_CONVERSION = YES_AGGRESSIVE;
				CLANG_CXX_LANGUAGE_STANDARD = "gnu++14";
				CLANG_CXX_LIBRARY = "libc++";
				CLANG_ENABLE_MODULES = YES;
				CLANG_ENABLE_OBJC_ARC = YES;
				CLANG_ENABLE_OBJC_WEAK = YES;
				CLANG_WARN_BLOCK_CAPTURE_AUTORELEASING = YES;
				CLANG_WARN_BOOL_CONVERSION = YES;
				CLANG_WARN_COMMA = YES;
				CLANG_WARN_CONSTANT_CONVERSION = YES;
				CLANG_WARN_DEPRECATED_OBJC_IMPLEMENTATIONS = YES;
				CLANG_WARN_DIRECT_OBJC_ISA_USAGE = YES_ERROR;
				CLANG_WARN_DOCUMENTATION_COMMENTS = YES;
				CLANG_WARN_EMPTY_BODY = YES;
				CLANG_WARN_ENUM_CONVERSION = YES;
				CLANG_WARN_INFINITE_RECURSION = YES;
				CLANG_WARN_INT_CONVERSION = YES;
				CLANG_WARN_NON_LITERAL_NULL_CONVERSION = YES;
				CLANG_WARN_OBJC_IMPLICIT_RETAIN_SELF = YES;
				CLANG_WARN_OBJC_LITERAL_CONVERSION = YES;
				CLANG_WARN_OBJC_ROOT_CLASS = YES_ERROR;
				CLANG_WARN_QUOTED_INCLUDE_IN_FRAMEWORK_HEADER = YES;
				CLANG_WARN_RANGE_LOOP_ANALYSIS = YES;
				CLANG_WARN_STRICT_PROTOTYPES = YES;
				CLANG_WARN_SUSPICIOUS_MOVE = YES;
				CLANG_WARN_UNGUARDED_AVAILABILITY = YES_AGGRESSIVE;
				CLANG_WARN_UNREACHABLE_CODE = YES;
				CLANG_WARN__DUPLICATE_METHOD_MATCH = YES;
				COPY_PHASE_STRIP = NO;
				DEBUG_INFORMATION_FORMAT = dwarf;
				ENABLE_STRICT_OBJC_MSGSEND = YES;
				ENABLE_TESTABILITY = YES;
				GCC_C_LANGUAGE_STANDARD = gnu11;
				GCC_DYNAMIC_NO_PIC = NO;
				GCC_NO_COMMON_BLOCKS = YES;
				GCC_OPTIMIZATION_LEVEL = 0;
				GCC_PREPROCESSOR_DEFINITIONS = (
					"DEBUG=1",
					"$(inherited)",
				);
				GCC_WARN_64_TO_32_BIT_CONVERSION = YES;
				GCC_WARN_ABOUT_RETURN_TYPE = YES_ERROR;
				GCC_WARN_UNDECLARED_SELECTOR = YES;
				GCC_WARN_UNINITIALIZED_AUTOS = YES_AGGRESSIVE;
				GCC_WARN_UNUSED_FUNCTION = YES;
				GCC_WARN_UNUSED_VARIABLE = YES;
				IPHONEOS_DEPLOYMENT_TARGET = 14.4;
				MTL_ENABLE_DEBUG_INFO = INCLUDE_SOURCE;
				MTL_FAST_MATH = YES;
				ONLY_ACTIVE_ARCH = YES;
				SDKROOT = iphoneos;
				SWIFT_ACTIVE_COMPILATION_CONDITIONS = DEBUG;
				SWIFT_OPTIMIZATION_LEVEL = "-Onone";
			};
			name = Debug;
		};
		79160D7C25E44426006372C9 /* Release */ = {
			isa = XCBuildConfiguration;
			buildSettings = {
				ALWAYS_SEARCH_USER_PATHS = NO;
				CLANG_ANALYZER_NONNULL = YES;
				CLANG_ANALYZER_NUMBER_OBJECT_CONVERSION = YES_AGGRESSIVE;
				CLANG_CXX_LANGUAGE_STANDARD = "gnu++14";
				CLANG_CXX_LIBRARY = "libc++";
				CLANG_ENABLE_MODULES = YES;
				CLANG_ENABLE_OBJC_ARC = YES;
				CLANG_ENABLE_OBJC_WEAK = YES;
				CLANG_WARN_BLOCK_CAPTURE_AUTORELEASING = YES;
				CLANG_WARN_BOOL_CONVERSION = YES;
				CLANG_WARN_COMMA = YES;
				CLANG_WARN_CONSTANT_CONVERSION = YES;
				CLANG_WARN_DEPRECATED_OBJC_IMPLEMENTATIONS = YES;
				CLANG_WARN_DIRECT_OBJC_ISA_USAGE = YES_ERROR;
				CLANG_WARN_DOCUMENTATION_COMMENTS = YES;
				CLANG_WARN_EMPTY_BODY = YES;
				CLANG_WARN_ENUM_CONVERSION = YES;
				CLANG_WARN_INFINITE_RECURSION = YES;
				CLANG_WARN_INT_CONVERSION = YES;
				CLANG_WARN_NON_LITERAL_NULL_CONVERSION = YES;
				CLANG_WARN_OBJC_IMPLICIT_RETAIN_SELF = YES;
				CLANG_WARN_OBJC_LITERAL_CONVERSION = YES;
				CLANG_WARN_OBJC_ROOT_CLASS = YES_ERROR;
				CLANG_WARN_QUOTED_INCLUDE_IN_FRAMEWORK_HEADER = YES;
				CLANG_WARN_RANGE_LOOP_ANALYSIS = YES;
				CLANG_WARN_STRICT_PROTOTYPES = YES;
				CLANG_WARN_SUSPICIOUS_MOVE = YES;
				CLANG_WARN_UNGUARDED_AVAILABILITY = YES_AGGRESSIVE;
				CLANG_WARN_UNREACHABLE_CODE = YES;
				CLANG_WARN__DUPLICATE_METHOD_MATCH = YES;
				COPY_PHASE_STRIP = NO;
				DEBUG_INFORMATION_FORMAT = "dwarf-with-dsym";
				ENABLE_NS_ASSERTIONS = NO;
				ENABLE_STRICT_OBJC_MSGSEND = YES;
				GCC_C_LANGUAGE_STANDARD = gnu11;
				GCC_NO_COMMON_BLOCKS = YES;
				GCC_WARN_64_TO_32_BIT_CONVERSION = YES;
				GCC_WARN_ABOUT_RETURN_TYPE = YES_ERROR;
				GCC_WARN_UNDECLARED_SELECTOR = YES;
				GCC_WARN_UNINITIALIZED_AUTOS = YES_AGGRESSIVE;
				GCC_WARN_UNUSED_FUNCTION = YES;
				GCC_WARN_UNUSED_VARIABLE = YES;
				IPHONEOS_DEPLOYMENT_TARGET = 14.4;
				MTL_ENABLE_DEBUG_INFO = NO;
				MTL_FAST_MATH = YES;
				SDKROOT = iphoneos;
				SWIFT_COMPILATION_MODE = wholemodule;
				SWIFT_OPTIMIZATION_LEVEL = "-O";
				VALIDATE_PRODUCT = YES;
			};
			name = Release;
		};
		79160D7E25E44426006372C9 /* Debug */ = {
			isa = XCBuildConfiguration;
			buildSettings = {
				ASSETCATALOG_COMPILER_APPICON_NAME = AppIcon;
				ASSETCATALOG_COMPILER_GLOBAL_ACCENT_COLOR_NAME = AccentColor;
				CODE_SIGN_ENTITLEMENTS = SK8NAYSH/SK8NAYSH.entitlements;
				CODE_SIGN_STYLE = Automatic;
				DEVELOPMENT_TEAM = 7VVA7JF63G;
				INFOPLIST_FILE = SK8NAYSH/Resources/Info.plist;
				LD_RUNPATH_SEARCH_PATHS = (
					"$(inherited)",
					"@executable_path/Frameworks",
				);
				PRODUCT_BUNDLE_IDENTIFIER = com.RiverMccaine.SK8NAYSH;
				PRODUCT_NAME = "$(TARGET_NAME)";
				SWIFT_VERSION = 5.0;
				TARGETED_DEVICE_FAMILY = "1,2";
			};
			name = Debug;
		};
		79160D7F25E44426006372C9 /* Release */ = {
			isa = XCBuildConfiguration;
			buildSettings = {
				ASSETCATALOG_COMPILER_APPICON_NAME = AppIcon;
				ASSETCATALOG_COMPILER_GLOBAL_ACCENT_COLOR_NAME = AccentColor;
				CODE_SIGN_ENTITLEMENTS = SK8NAYSH/SK8NAYSH.entitlements;
				CODE_SIGN_STYLE = Automatic;
				DEVELOPMENT_TEAM = 7VVA7JF63G;
				INFOPLIST_FILE = SK8NAYSH/Resources/Info.plist;
				LD_RUNPATH_SEARCH_PATHS = (
					"$(inherited)",
					"@executable_path/Frameworks",
				);
				PRODUCT_BUNDLE_IDENTIFIER = com.RiverMccaine.SK8NAYSH;
				PRODUCT_NAME = "$(TARGET_NAME)";
				SWIFT_VERSION = 5.0;
				TARGETED_DEVICE_FAMILY = "1,2";
			};
			name = Release;
		};
/* End XCBuildConfiguration section */

/* Begin XCConfigurationList section */
		79160D6425E44424006372C9 /* Build configuration list for PBXProject "SK8NAYSH" */ = {
			isa = XCConfigurationList;
			buildConfigurations = (
				79160D7B25E44426006372C9 /* Debug */,
				79160D7C25E44426006372C9 /* Release */,
			);
			defaultConfigurationIsVisible = 0;
			defaultConfigurationName = Release;
		};
		79160D7D25E44426006372C9 /* Build configuration list for PBXNativeTarget "SK8NAYSH" */ = {
			isa = XCConfigurationList;
			buildConfigurations = (
				79160D7E25E44426006372C9 /* Debug */,
				79160D7F25E44426006372C9 /* Release */,
			);
			defaultConfigurationIsVisible = 0;
			defaultConfigurationName = Release;
		};
/* End XCConfigurationList section */
	};
	rootObject = 79160D6125E44424006372C9 /* Project object */;
}
